
Microsoft Visual Studio Solution File, Format Version 12.00
# Visual Studio Version 16
VisualStudioVersion = 16.0.29209.62
MinimumVisualStudioVersion = 10.0.40219.1
Project("{9A19103F-16F7-4668-BE54-9A1E7A4F7556}") = "Sample.Utility", "Sample.Utility\Sample.Utility.csproj", "{9C77D145-E406-4CFD-B44E-9FE1DCD49A83}"
EndProject
Project("{9A19103F-16F7-4668-BE54-9A1E7A4F7556}") = "Sample.Test", "Sample.Test\Sample.Test.csproj", "{C40A289C-2BCD-48AE-8135-970113B3DC47}"
EndProject
Project("{9A19103F-16F7-4668-BE54-9A1E7A4F7556}") = "mvc", "mvc\mvc.csproj", "{F4270C05-321C-4D11-8FD0-D70E8F3F4520}"
EndProject
Global
	GlobalSection(SolutionConfigurationPlatforms) = preSolution
		Debug|Any CPU = Debug|Any CPU
		Release|Any CPU = Release|Any CPU
	EndGlobalSection
	GlobalSection(ProjectConfigurationPlatforms) = postSolution
		{9C77D145-E406-4CFD-B44E-9FE1DCD49A83}.Debug|Any CPU.ActiveCfg = Debug|Any CPU
		{9C77D145-E406-4CFD-B44E-9FE1DCD49A83}.Debug|Any CPU.Build.0 = Debug|Any CPU
		{9C77D145-E406-4CFD-B44E-9FE1DCD49A83}.Release|Any CPU.ActiveCfg = Release|Any CPU
		{9C77D145-E406-4CFD-B44E-9FE1DCD49A83}.Release|Any CPU.Build.0 = Release|Any CPU
		{C40A289C-2BCD-48AE-8135-970113B3DC47}.Debug|Any CPU.ActiveCfg = Debug|Any CPU
		{C40A289C-2BCD-48AE-8135-970113B3DC47}.Debug|Any CPU.Build.0 = Debug|Any CPU
		{C40A289C-2BCD-48AE-8135-970113B3DC47}.Release|Any CPU.ActiveCfg = Release|Any CPU
		{C40A289C-2BCD-48AE-8135-970113B3DC47}.Release|Any CPU.Build.0 = Release|Any CPU
		{D4F890DD-6893-47D4-8216-BBA9FAFF4359}.Debug|Any CPU.ActiveCfg = Debug|Any CPU
		{D4F890DD-6893-47D4-8216-BBA9FAFF4359}.Debug|Any CPU.Build.0 = Debug|Any CPU
		{D4F890DD-6893-47D4-8216-BBA9FAFF4359}.Release|Any CPU.ActiveCfg = Release|Any CPU
		{D4F890DD-6893-47D4-8216-BBA9FAFF4359}.Release|Any CPU.Build.0 = Release|Any CPU
		{F4270C05-321C-4D11-8FD0-D70E8F3F4520}.Debug|Any CPU.ActiveCfg = Debug|Any CPU
		{F4270C05-321C-4D11-8FD0-D70E8F3F4520}.Debug|Any CPU.Build.0 = Debug|Any CPU
		{F4270C05-321C-4D11-8FD0-D70E8F3F4520}.Release|Any CPU.ActiveCfg = Release|Any CPU
		{F4270C05-321C-4D11-8FD0-D70E8F3F4520}.Release|Any CPU.Build.0 = Release|Any CPU
	EndGlobalSection
	GlobalSection(SolutionProperties) = preSolution
		HideSolutionNode = FALSE
	EndGlobalSection
	GlobalSection(ExtensibilityGlobals) = postSolution
		SolutionGuid = {863DB513-8AAB-43B4-A810-A2CC20E7EF19}
	EndGlobalSection
EndGlobal
